// !$*UTF8*$!
{
	archiveVersion = 1;
	classes = {
	};
	objectVersion = 56;
	objects = {

/* Begin PBXBuildFile section */
		3FEC589F28F9DC7900B8282E /* AppDelegate.swift in Sources */ = {isa = PBXBuildFile; fileRef = 3FEC589E28F9DC7900B8282E /* AppDelegate.swift */; };
		3FEC58A128F9DC7900B8282E /* SceneDelegate.swift in Sources */ = {isa = PBXBuildFile; fileRef = 3FEC58A028F9DC7900B8282E /* SceneDelegate.swift */; };
		3FEC58A628F9DC7900B8282E /* Main.storyboard in Resources */ = {isa = PBXBuildFile; fileRef = 3FEC58A428F9DC7900B8282E /* Main.storyboard */; };
		3FEC58A828F9DC7A00B8282E /* Assets.xcassets in Resources */ = {isa = PBXBuildFile; fileRef = 3FEC58A728F9DC7A00B8282E /* Assets.xcassets */; };
		3FEC58AB28F9DC7A00B8282E /* LaunchScreen.storyboard in Resources */ = {isa = PBXBuildFile; fileRef = 3FEC58A928F9DC7A00B8282E /* LaunchScreen.storyboard */; };
		3FEC58B328F9E80A00B8282E /* Animal.swift in Sources */ = {isa = PBXBuildFile; fileRef = 3FEC58B228F9E80A00B8282E /* Animal.swift */; };
		3FEC58B528F9EE6E00B8282E /* AnimalTableViewCell.swift in Sources */ = {isa = PBXBuildFile; fileRef = 3FEC58B428F9EE6E00B8282E /* AnimalTableViewCell.swift */; };
		3FEC58B728F9EEC600B8282E /* AnimalTableViewController.swift in Sources */ = {isa = PBXBuildFile; fileRef = 3FEC58B628F9EEC600B8282E /* AnimalTableViewController.swift */; };
/* End PBXBuildFile section */

/* Begin PBXFileReference section */
		3FEC589B28F9DC7900B8282E /* AulaTableViewUFPBTarde.app */ = {isa = PBXFileReference; explicitFileType = wrapper.application; includeInIndex = 0; path = AulaTableViewUFPBTarde.app; sourceTree = BUILT_PRODUCTS_DIR; };
		3FEC589E28F9DC7900B8282E /* AppDelegate.swift */ = {isa = PBXFileReference; lastKnownFileType = sourcecode.swift; path = AppDelegate.swift; sourceTree = "<group>"; };
		3FEC58A028F9DC7900B8282E /* SceneDelegate.swift */ = {isa = PBXFileReference; lastKnownFileType = sourcecode.swift; path = SceneDelegate.swift; sourceTree = "<group>"; };
		3FEC58A528F9DC7900B8282E /* Base */ = {isa = PBXFileReference; lastKnownFileType = file.storyboard; name = Base; path = Base.lproj/Main.storyboard; sourceTree = "<group>"; };
		3FEC58A728F9DC7A00B8282E /* Assets.xcassets */ = {isa = PBXFileReference; lastKnownFileType = folder.assetcatalog; path = Assets.xcassets; sourceTree = "<group>"; };
		3FEC58AA28F9DC7A00B8282E /* Base */ = {isa = PBXFileReference; lastKnownFileType = file.storyboard; name = Base; path = Base.lproj/LaunchScreen.storyboard; sourceTree = "<group>"; };
		3FEC58AC28F9DC7A00B8282E /* Info.plist */ = {isa = PBXFileReference; lastKnownFileType = text.plist.xml; path = Info.plist; sourceTree = "<group>"; };
		3FEC58B228F9E80A00B8282E /* Animal.swift */ = {isa = PBXFileReference; lastKnownFileType = sourcecode.swift; path = Animal.swift; sourceTree = "<group>"; };
		3FEC58B428F9EE6E00B8282E /* AnimalTableViewCell.swift */ = {isa = PBXFileReference; lastKnownFileType = sourcecode.swift; path = AnimalTableViewCell.swift; sourceTree = "<group>"; };
		3FEC58B628F9EEC600B8282E /* AnimalTableViewController.swift */ = {isa = PBXFileReference; lastKnownFileType = sourcecode.swift; path = AnimalTableViewController.swift; sourceTree = "<group>"; };
/* End PBXFileReference section */

/* Begin PBXFrameworksBuildPhase section */
		3FEC589828F9DC7900B8282E /* Frameworks */ = {
			isa = PBXFrameworksBuildPhase;
			buildActionMask = 2147483647;
			files = (
			);
			runOnlyForDeploymentPostprocessing = 0;
		};
/* End PBXFrameworksBuildPhase section */

/* Begin PBXGroup section */
		3FEC589228F9DC7900B8282E = {
			isa = PBXGroup;
			children = (
				3FEC589D28F9DC7900B8282E /* AulaTableViewUFPBTarde */,
				3FEC589C28F9DC7900B8282E /* Products */,
			);
			sourceTree = "<group>";
		};
		3FEC589C28F9DC7900B8282E /* Products */ = {
			isa = PBXGroup;
			children = (
				3FEC589B28F9DC7900B8282E /* AulaTableViewUFPBTarde.app */,
			);
			name = Products;
			sourceTree = "<group>";
		};
		3FEC589D28F9DC7900B8282E /* AulaTableViewUFPBTarde */ = {
			isa = PBXGroup;
			children = (
				3FEC589E28F9DC7900B8282E /* AppDelegate.swift */,
				3FEC58B228F9E80A00B8282E /* Animal.swift */,
				3FEC58A028F9DC7900B8282E /* SceneDelegate.swift */,
				3FEC58A428F9DC7900B8282E /* Main.storyboard */,
				3FEC58B428F9EE6E00B8282E /* AnimalTableViewCell.swift */,
				3FEC58B628F9EEC600B8282E /* AnimalTableViewController.swift */,
				3FEC58A728F9DC7A00B8282E /* Assets.xcassets */,
				3FEC58A928F9DC7A00B8282E /* LaunchScreen.storyboard */,
				3FEC58AC28F9DC7A00B8282E /* Info.plist */,
			);
			path = AulaTableViewUFPBTarde;
			sourceTree = "<group>";
		};
/* End PBXGroup section */

/* Begin PBXNativeTarget section */
		3FEC589A28F9DC7900B8282E /* AulaTableViewUFPBTarde */ = {
			isa = PBXNativeTarget;
			buildConfigurationList = 3FEC58AF28F9DC7A00B8282E /* Build configuration list for PBXNativeTarget "AulaTableViewUFPBTarde" */;
			buildPhases = (
				3FEC589728F9DC7900B8282E /* Sources */,
				3FEC589828F9DC7900B8282E /* Frameworks */,
				3FEC589928F9DC7900B8282E /* Resources */,
			);
			buildRules = (
			);
			dependencies = (
			);
			name = AulaTableViewUFPBTarde;
			productName = AulaTableViewUFPBTarde;
			productReference = 3FEC589B28F9DC7900B8282E /* AulaTableViewUFPBTarde.app */;
			productType = "com.apple.product-type.application";
		};
/* End PBXNativeTarget section */

/* Begin PBXProject section */
		3FEC589328F9DC7900B8282E /* Project object */ = {
			isa = PBXProject;
			attributes = {
				BuildIndependentTargetsInParallel = 1;
				LastSwiftUpdateCheck = 1400;
				LastUpgradeCheck = 1400;
				TargetAttributes = {
					3FEC589A28F9DC7900B8282E = {
						CreatedOnToolsVersion = 14.0;
					};
				};
			};
			buildConfigurationList = 3FEC589628F9DC7900B8282E /* Build configuration list for PBXProject "AulaTableViewUFPBTarde" */;
			compatibilityVersion = "Xcode 14.0";
			developmentRegion = en;
			hasScannedForEncodings = 0;
			knownRegions = (
				en,
				Base,
			);
			mainGroup = 3FEC589228F9DC7900B8282E;
			productRefGroup = 3FEC589C28F9DC7900B8282E /* Products */;
			projectDirPath = "";
			projectRoot = "";
			targets = (
				3FEC589A28F9DC7900B8282E /* AulaTableViewUFPBTarde */,
			);
		};
/* End PBXProject section */

/* Begin PBXResourcesBuildPhase section */
		3FEC589928F9DC7900B8282E /* Resources */ = {
			isa = PBXResourcesBuildPhase;
			buildActionMask = 2147483647;
			files = (
				3FEC58AB28F9DC7A00B8282E /* LaunchScreen.storyboard in Resources */,
				3FEC58A828F9DC7A00B8282E /* Assets.xcassets in Resources */,
				3FEC58A628F9DC7900B8282E /* Main.storyboard in Resources */,
			);
			runOnlyForDeploymentPostprocessing = 0;
		};
/* End PBXResourcesBuildPhase section */

/* Begin PBXSourcesBuildPhase section */
		3FEC589728F9DC7900B8282E /* Sources */ = {
			isa = PBXSourcesBuildPhase;
			buildActionMask = 2147483647;
			files = (
				3FEC589F28F9DC7900B8282E /* AppDelegate.swift in Sources */,
				3FEC58B728F9EEC600B8282E /* AnimalTableViewController.swift in Sources */,
				3FEC58B528F9EE6E00B8282E /* AnimalTableViewCell.swift in Sources */,
				3FEC58A128F9DC7900B8282E /* SceneDelegate.swift in Sources */,
				3FEC58B328F9E80A00B8282E /* Animal.swift in Sources */,
			);
			runOnlyForDeploymentPostprocessing = 0;
		};
/* End PBXSourcesBuildPhase section */

/* Begin PBXVariantGroup section */
		3FEC58A428F9DC7900B8282E /* Main.storyboard */ = {
			isa = PBXVariantGroup;
			children = (
				3FEC58A528F9DC7900B8282E /* Base */,
			);
			name = Main.storyboard;
			sourceTree = "<group>";
		};
		3FEC58A928F9DC7A00B8282E /* LaunchScreen.storyboard */ = {
			isa = PBXVariantGroup;
			children = (
				3FEC58AA28F9DC7A00B8282E /* Base */,
			);
			name = LaunchScreen.storyboard;
			sourceTree = "<group>";
		};
/* End PBXVariantGroup section */

/* Begin XCBuildConfiguration section */
		3FEC58AD28F9DC7A00B8282E /* Debug */ = {
			isa = XCBuildConfiguration;
			buildSettings = {
				ALWAYS_SEARCH_USER_PATHS = NO;
				CLANG_ANALYZER_NONNULL = YES;
				CLANG_ANALYZER_NUMBER_OBJECT_CONVERSION = YES_AGGRESSIVE;
				CLANG_CXX_LANGUAGE_STANDARD = "gnu++20";
				CLANG_ENABLE_MODULES = YES;
				CLANG_ENABLE_OBJC_ARC = YES;
				CLANG_ENABLE_OBJC_WEAK = YES;
				CLANG_WARN_BLOCK_CAPTURE_AUTORELEASING = YES;
				CLANG_WARN_BOOL_CONVERSION = YES;
				CLANG_WARN_COMMA = YES;
				CLANG_WARN_CONSTANT_CONVERSION = YES;
				CLANG_WARN_DEPRECATED_OBJC_IMPLEMENTATIONS = YES;
				CLANG_WARN_DIRECT_OBJC_ISA_USAGE = YES_ERROR;
				CLANG_WARN_DOCUMENTATION_COMMENTS = YES;
				CLANG_WARN_EMPTY_BODY = YES;
				CLANG_WARN_ENUM_CONVERSION = YES;
				CLANG_WARN_INFINITE_RECURSION = YES;
				CLANG_WARN_INT_CONVERSION = YES;
				CLANG_WARN_NON_LITERAL_NULL_CONVERSION = YES;
				CLANG_WARN_OBJC_IMPLICIT_RETAIN_SELF = YES;
				CLANG_WARN_OBJC_LITERAL_CONVERSION = YES;
				CLANG_WARN_OBJC_ROOT_CLASS = YES_ERROR;
				CLANG_WARN_QUOTED_INCLUDE_IN_FRAMEWORK_HEADER = YES;
				CLANG_WARN_RANGE_LOOP_ANALYSIS = YES;
				CLANG_WARN_STRICT_PROTOTYPES = YES;
				CLANG_WARN_SUSPICIOUS_MOVE = YES;
				CLANG_WARN_UNGUARDED_AVAILABILITY = YES_AGGRESSIVE;
				CLANG_WARN_UNREACHABLE_CODE = YES;
				CLANG_WARN__DUPLICATE_METHOD_MATCH = YES;
				COPY_PHASE_STRIP = NO;
				DEBUG_INFORMATION_FORMAT = dwarf;
				ENABLE_STRICT_OBJC_MSGSEND = YES;
				ENABLE_TESTABILITY = YES;
				GCC_C_LANGUAGE_STANDARD = gnu11;
				GCC_DYNAMIC_NO_PIC = NO;
				GCC_NO_COMMON_BLOCKS = YES;
				GCC_OPTIMIZATION_LEVEL = 0;
				GCC_PREPROCESSOR_DEFINITIONS = (
					"DEBUG=1",
					"$(inherited)",
				);
				GCC_WARN_64_TO_32_BIT_CONVERSION = YES;
				GCC_WARN_ABOUT_RETURN_TYPE = YES_ERROR;
				GCC_WARN_UNDECLARED_SELECTOR = YES;
				GCC_WARN_UNINITIALIZED_AUTOS = YES_AGGRESSIVE;
				GCC_WARN_UNUSED_FUNCTION = YES;
				GCC_WARN_UNUSED_VARIABLE = YES;
				IPHONEOS_DEPLOYMENT_TARGET = 16.0;
				MTL_ENABLE_DEBUG_INFO = INCLUDE_SOURCE;
				MTL_FAST_MATH = YES;
				ONLY_ACTIVE_ARCH = YES;
				SDKROOT = iphoneos;
				SWIFT_ACTIVE_COMPILATION_CONDITIONS = DEBUG;
				SWIFT_OPTIMIZATION_LEVEL = "-Onone";
			};
			name = Debug;
		};
		3FEC58AE28F9DC7A00B8282E /* Release */ = {
			isa = XCBuildConfiguration;
			buildSettings = {
				ALWAYS_SEARCH_USER_PATHS = NO;
				CLANG_ANALYZER_NONNULL = YES;
				CLANG_ANALYZER_NUMBER_OBJECT_CONVERSION = YES_AGGRESSIVE;
				CLANG_CXX_LANGUAGE_STANDARD = "gnu++20";
				CLANG_ENABLE_MODULES = YES;
				CLANG_ENABLE_OBJC_ARC = YES;
				CLANG_ENABLE_OBJC_WEAK = YES;
				CLANG_WARN_BLOCK_CAPTURE_AUTORELEASING = YES;
				CLANG_WARN_BOOL_CONVERSION = YES;
				CLANG_WARN_COMMA = YES;
				CLANG_WARN_CONSTANT_CONVERSION = YES;
				CLANG_WARN_DEPRECATED_OBJC_IMPLEMENTATIONS = YES;
				CLANG_WARN_DIRECT_OBJC_ISA_USAGE = YES_ERROR;
				CLANG_WARN_DOCUMENTATION_COMMENTS = YES;
				CLANG_WARN_EMPTY_BODY = YES;
				CLANG_WARN_ENUM_CONVERSION = YES;
				CLANG_WARN_INFINITE_RECURSION = YES;
				CLANG_WARN_INT_CONVERSION = YES;
				CLANG_WARN_NON_LITERAL_NULL_CONVERSION = YES;
				CLANG_WARN_OBJC_IMPLICIT_RETAIN_SELF = YES;
				CLANG_WARN_OBJC_LITERAL_CONVERSION = YES;
				CLANG_WARN_OBJC_ROOT_CLASS = YES_ERROR;
				CLANG_WARN_QUOTED_INCLUDE_IN_FRAMEWORK_HEADER = YES;
				CLANG_WARN_RANGE_LOOP_ANALYSIS = YES;
				CLANG_WARN_STRICT_PROTOTYPES = YES;
				CLANG_WARN_SUSPICIOUS_MOVE = YES;
				CLANG_WARN_UNGUARDED_AVAILABILITY = YES_AGGRESSIVE;
				CLANG_WARN_UNREACHABLE_CODE = YES;
				CLANG_WARN__DUPLICATE_METHOD_MATCH = YES;
				COPY_PHASE_STRIP = NO;
				DEBUG_INFORMATION_FORMAT = "dwarf-with-dsym";
				ENABLE_NS_ASSERTIONS = NO;
				ENABLE_STRICT_OBJC_MSGSEND = YES;
				GCC_C_LANGUAGE_STANDARD = gnu11;
				GCC_NO_COMMON_BLOCKS = YES;
				GCC_WARN_64_TO_32_BIT_CONVERSION = YES;
				GCC_WARN_ABOUT_RETURN_TYPE = YES_ERROR;
				GCC_WARN_UNDECLARED_SELECTOR = YES;
				GCC_WARN_UNINITIALIZED_AUTOS = YES_AGGRESSIVE;
				GCC_WARN_UNUSED_FUNCTION = YES;
				GCC_WARN_UNUSED_VARIABLE = YES;
				IPHONEOS_DEPLOYMENT_TARGET = 16.0;
				MTL_ENABLE_DEBUG_INFO = NO;
				MTL_FAST_MATH = YES;
				SDKROOT = iphoneos;
				SWIFT_COMPILATION_MODE = wholemodule;
				SWIFT_OPTIMIZATION_LEVEL = "-O";
				VALIDATE_PRODUCT = YES;
			};
			name = Release;
		};
		3FEC58B028F9DC7A00B8282E /* Debug */ = {
			isa = XCBuildConfiguration;
			buildSettings = {
				ASSETCATALOG_COMPILER_APPICON_NAME = AppIcon;
				ASSETCATALOG_COMPILER_GLOBAL_ACCENT_COLOR_NAME = AccentColor;
				CODE_SIGN_STYLE = Automatic;
				CURRENT_PROJECT_VERSION = 1;
				GENERATE_INFOPLIST_FILE = YES;
				INFOPLIST_FILE = AulaTableViewUFPBTarde/Info.plist;
				INFOPLIST_KEY_UIApplicationSupportsIndirectInputEvents = YES;
				INFOPLIST_KEY_UILaunchStoryboardName = LaunchScreen;
				INFOPLIST_KEY_UIMainStoryboardFile = Main;
				INFOPLIST_KEY_UISupportedInterfaceOrientations_iPad = "UIInterfaceOrientationPortrait UIInterfaceOrientationPortraitUpsideDown UIInterfaceOrientationLandscapeLeft UIInterfaceOrientationLandscapeRight";
				INFOPLIST_KEY_UISupportedInterfaceOrientations_iPhone = "UIInterfaceOrientationPortrait UIInterfaceOrientationLandscapeLeft UIInterfaceOrientationLandscapeRight";
				IPHONEOS_DEPLOYMENT_TARGET = 16.0;
				LD_RUNPATH_SEARCH_PATHS = (
					"$(inherited)",
					"@executable_path/Frameworks",
				);
				MARKETING_VERSION = 1.0;
				PRODUCT_BUNDLE_IDENTIFIER = UFSEngComp.AulaTableViewUFPBTarde;
				PRODUCT_NAME = "$(TARGET_NAME)";
				SWIFT_EMIT_LOC_STRINGS = YES;
				SWIFT_VERSION = 5.0;
				TARGETED_DEVICE_FAMILY = "1,2";
			};
			name = Debug;
		};
		3FEC58B128F9DC7A00B8282E /* Release */ = {
			isa = XCBuildConfiguration;
			buildSettings = {
				ASSETCATALOG_COMPILER_APPICON_NAME = AppIcon;
				ASSETCATALOG_COMPILER_GLOBAL_ACCENT_COLOR_NAME = AccentColor;
				CODE_SIGN_STYLE = Automatic;
				CURRENT_PROJECT_VERSION = 1;
				GENERATE_INFOPLIST_FILE = YES;
				INFOPLIST_FILE = AulaTableViewUFPBTarde/Info.plist;
				INFOPLIST_KEY_UIApplicationSupportsIndirectInputEvents = YES;
				INFOPLIST_KEY_UILaunchStoryboardName = LaunchScreen;
				INFOPLIST_KEY_UIMainStoryboardFile = Main;
				INFOPLIST_KEY_UISupportedInterfaceOrientations_iPad = "UIInterfaceOrientationPortrait UIInterfaceOrientationPortraitUpsideDown UIInterfaceOrientationLandscapeLeft UIInterfaceOrientationLandscapeRight";
				INFOPLIST_KEY_UISupportedInterfaceOrientations_iPhone = "UIInterfaceOrientationPortrait UIInterfaceOrientationLandscapeLeft UIInterfaceOrientationLandscapeRight";
				IPHONEOS_DEPLOYMENT_TARGET = 16.0;
				LD_RUNPATH_SEARCH_PATHS = (
					"$(inherited)",
					"@executable_path/Frameworks",
				);
				MARKETING_VERSION = 1.0;
				PRODUCT_BUNDLE_IDENTIFIER = UFSEngComp.AulaTableViewUFPBTarde;
				PRODUCT_NAME = "$(TARGET_NAME)";
				SWIFT_EMIT_LOC_STRINGS = YES;
				SWIFT_VERSION = 5.0;
				TARGETED_DEVICE_FAMILY = "1,2";
			};
			name = Release;
		};
/* End XCBuildConfiguration section */

/* Begin XCConfigurationList section */
		3FEC589628F9DC7900B8282E /* Build configuration list for PBXProject "AulaTableViewUFPBTarde" */ = {
			isa = XCConfigurationList;
			buildConfigurations = (
				3FEC58AD28F9DC7A00B8282E /* Debug */,
				3FEC58AE28F9DC7A00B8282E /* Release */,
			);
			defaultConfigurationIsVisible = 0;
			defaultConfigurationName = Release;
		};
		3FEC58AF28F9DC7A00B8282E /* Build configuration list for PBXNativeTarget "AulaTableViewUFPBTarde" */ = {
			isa = XCConfigurationList;
			buildConfigurations = (
				3FEC58B028F9DC7A00B8282E /* Debug */,
				3FEC58B128F9DC7A00B8282E /* Release */,
			);
			defaultConfigurationIsVisible = 0;
			defaultConfigurationName = Release;
		};
/* End XCConfigurationList section */
	};
	rootObject = 3FEC589328F9DC7900B8282E /* Project object */;
}
